<?xml version="1.0" encoding="utf-8"?>
<Project ToolsVersion="4.0" xmlns="http://schemas.microsoft.com/developer/msbuild/2003">
  <ItemGroup>
    <Filter Include="Source Files">
      <UniqueIdentifier>{4FC737F1-C7A5-4376-A066-2A32D752A2FF}</UniqueIdentifier>
      <Extensions>cpp;c;cc;cxx;def;odl;idl;hpj;bat;asm;asmx</Extensions>
    </Filter>
    <Filter Include="Header Files">
      <UniqueIdentifier>{93995380-89BD-4b04-88EB-625FBE52EBFB}</UniqueIdentifier>
      <Extensions>h;hh;hpp;hxx;hm;inl;inc;ipp;xsd</Extensions>
    </Filter>
    <Filter Include="Resource Files">
      <UniqueIdentifier>{67DA6AB6-F800-4c08-8B7A-83BB121AAD01}</UniqueIdentifier>
      <Extensions>rc;ico;cur;bmp;dlg;rc2;rct;bin;rgs;gif;jpg;jpeg;jpe;resx;tiff;tif;png;wav;mfcribbon-ms</Extensions>
    </Filter>
    <Filter Include="Source Files\BSP">
      <UniqueIdentifier>{5eabc172-d554-4cc9-8f0b-9d8084f0d8c9}</UniqueIdentifier>
    </Filter>
    <Filter Include="Source Files\Astar">
      <UniqueIdentifier>{658906f0-b36a-4104-9a1b-7b9ae6adfe07}</UniqueIdentifier>
    </Filter>
    <Filter Include="Source Files\Utility">
      <UniqueIdentifier>{3e0bd10c-7871-4da9-815f-aa71f54c4857}</UniqueIdentifier>
    </Filter>
    <Filter Include="Source Files\Input">
      <UniqueIdentifier>{f0722f18-5828-4d21-a50d-57a8b70f2270}</UniqueIdentifier>
    </Filter>
    <Filter Include="Source Files\Things">
      <UniqueIdentifier>{0685ef2e-9cb7-4fcf-b10d-445ecbb40bd4}</UniqueIdentifier>
    </Filter>
    <Filter Include="Source Files\Interactables">
      <UniqueIdentifier>{c474b7db-8d0b-4a36-9642-b0ddba35d352}</UniqueIdentifier>
    </Filter>
    <Filter Include="Source Files\Tree">
      <UniqueIdentifier>{a820dd1a-753e-48c0-a06d-e7f52b7fe996}</UniqueIdentifier>
    </Filter>
    <Filter Include="Source Files\Interactables\Pickups">
      <UniqueIdentifier>{9b1397d0-5369-4cb4-9f11-ad8c38a6acc4}</UniqueIdentifier>
    </Filter>
    <Filter Include="Source Files\Things\Enemy">
      <UniqueIdentifier>{08d875ee-4c21-48ad-bb54-5cf940f9d8b7}</UniqueIdentifier>
    </Filter>
    <Filter Include="Source Files\Weapon">
      <UniqueIdentifier>{70199289-2109-4d02-a007-804e1c4c9fbb}</UniqueIdentifier>
    </Filter>
  </ItemGroup>
  <ItemGroup>
    <ClCompile Include="src\Main.cpp">
      <Filter>Source Files</Filter>
    </ClCompile>
    <ClCompile Include="src\Scene.cpp">
      <Filter>Source Files</Filter>
    </ClCompile>
    <ClCompile Include="src\World.cpp">
      <Filter>Source Files</Filter>
    </ClCompile>
    <ClCompile Include="src\AStarNode.cpp">
      <Filter>Source Files\Astar</Filter>
    </ClCompile>
    <ClCompile Include="src\AStarSearch.cpp">
      <Filter>Source Files\Astar</Filter>
    </ClCompile>
    <ClCompile Include="src\BSPNode.cpp">
      <Filter>Source Files\BSP</Filter>
    </ClCompile>
    <ClCompile Include="src\BSP.cpp">
      <Filter>Source Files\BSP</Filter>
    </ClCompile>
    <ClCompile Include="src\RectA.cpp">
      <Filter>Source Files\BSP</Filter>
    </ClCompile>
    <ClCompile Include="src\Timer.cpp">
      <Filter>Source Files\Utility</Filter>
    </ClCompile>
    <ClCompile Include="src\Vector2.cpp">
      <Filter>Source Files\Utility</Filter>
    </ClCompile>
    <ClCompile Include="src\IInputHandler.cpp">
      <Filter>Source Files\Input</Filter>
    </ClCompile>
    <ClCompile Include="src\InputManager.cpp">
      <Filter>Source Files\Input</Filter>
    </ClCompile>
    <ClCompile Include="src\DeltaTime.cpp">
      <Filter>Source Files\Utility</Filter>
    </ClCompile>
    <ClCompile Include="src\Renderable.cpp">
      <Filter>Source Files\Things</Filter>
    </ClCompile>
    <ClCompile Include="src\Thing.cpp">
      <Filter>Source Files\Things</Filter>
    </ClCompile>
    <ClCompile Include="src\Tile.cpp">
      <Filter>Source Files\Things</Filter>
    </ClCompile>
    <ClCompile Include="src\Quit.cpp">
      <Filter>Source Files\Input</Filter>
    </ClCompile>
    <ClCompile Include="src\Player.cpp">
      <Filter>Source Files\Things</Filter>
    </ClCompile>
    <ClCompile Include="src\Node.cpp">
      <Filter>Source Files\Astar</Filter>
    </ClCompile>
    <ClCompile Include="src\Interactable.cpp">
      <Filter>Source Files\Interactables</Filter>
    </ClCompile>
    <ClCompile Include="src\Exit.cpp">
      <Filter>Source Files\Interactables</Filter>
    </ClCompile>
    <ClCompile Include="src\RoomData.cpp">
      <Filter>Source Files\Utility</Filter>
    </ClCompile>
    <ClCompile Include="src\DoorA.cpp">
      <Filter>Source Files\Interactables</Filter>
    </ClCompile>
    <ClCompile Include="src\Treasure.cpp">
      <Filter>Source Files\Interactables</Filter>
    </ClCompile>
    <ClCompile Include="src\RoomTree.cpp">
      <Filter>Source Files\Tree</Filter>
    </ClCompile>
    <ClCompile Include="src\RoomTreeNode.cpp">
      <Filter>Source Files\Tree</Filter>
    </ClCompile>
    <ClCompile Include="src\TextA.cpp">
      <Filter>Source Files\Utility</Filter>
    </ClCompile>
    <ClCompile Include="src\SDL_FontCache.c">
      <Filter>Source Files\Utility</Filter>
    </ClCompile>
    <ClCompile Include="src\Camera.cpp">
      <Filter>Source Files\Utility</Filter>
    </ClCompile>
    <ClCompile Include="src\Holdable.cpp">
      <Filter>Source Files\Things</Filter>
    </ClCompile>
    <ClCompile Include="src\Shadow.cpp">
      <Filter>Source Files\Things</Filter>
    </ClCompile>
    <ClCompile Include="src\Bomb.cpp">
      <Filter>Source Files\Interactables</Filter>
    </ClCompile>
    <ClCompile Include="src\Chest.cpp">
      <Filter>Source Files\Interactables</Filter>
    </ClCompile>
    <ClCompile Include="src\Light.cpp">
      <Filter>Source Files\Interactables</Filter>
    </ClCompile>
    <ClCompile Include="src\Trap.cpp">
      <Filter>Source Files\Interactables</Filter>
    </ClCompile>
    <ClCompile Include="src\TrapPlayer.cpp">
      <Filter>Source Files\Interactables</Filter>
    </ClCompile>
    <ClCompile Include="src\Damagable.cpp">
      <Filter>Source Files\Things</Filter>
    </ClCompile>
    <ClCompile Include="src\BombDisarmer.cpp">
      <Filter>Source Files</Filter>
    </ClCompile>
    <ClCompile Include="src\TrapDisarmer.cpp">
      <Filter>Source Files</Filter>
    </ClCompile>
    <ClCompile Include="src\HealthPickUp.cpp">
      <Filter>Source Files\Interactables\Pickups</Filter>
    </ClCompile>
    <ClCompile Include="src\Key.cpp">
      <Filter>Source Files\Interactables\Pickups</Filter>
    </ClCompile>
    <ClCompile Include="src\Ammo.cpp">
      <Filter>Source Files\Interactables\Pickups</Filter>
    </ClCompile>
    <ClCompile Include="src\EnemyCombat.cpp">
      <Filter>Source Files\Things\Enemy</Filter>
    </ClCompile>
    <ClCompile Include="src\Enemy.cpp">
      <Filter>Source Files\Things\Enemy</Filter>
    </ClCompile>
    <ClCompile Include="src\Projectile.cpp">
      <Filter>Source Files\Weapon</Filter>
    </ClCompile>
    <ClCompile Include="src\MouseAim.cpp">
      <Filter>Source Files\Weapon</Filter>
    </ClCompile>
    <ClCompile Include="src\StatusEffectable.cpp">
      <Filter>Source Files\Things</Filter>
    </ClCompile>
    <ClCompile Include="src\StatusEffect.cpp">
      <Filter>Source Files\Things</Filter>
    </ClCompile>
    <ClCompile Include="src\Blockade.cpp">
      <Filter>Source Files\Things\Enemy</Filter>
    </ClCompile>
    <ClCompile Include="src\WeaponStructs.cpp">
      <Filter>Source Files\Weapon</Filter>
    </ClCompile>
    <ClCompile Include="src\Weapon.cpp">
      <Filter>Source Files\Weapon</Filter>
    </ClCompile>
    <ClCompile Include="src\WeaponBasic.cpp">
      <Filter>Source Files\Weapon</Filter>
    </ClCompile>
    <ClCompile Include="src\WeaponHexShot.cpp">
      <Filter>Source Files\Weapon</Filter>
    </ClCompile>
    <ClCompile Include="src\WeaponShotgun.cpp">
      <Filter>Source Files\Weapon</Filter>
    </ClCompile>
    <ClCompile Include="src\WeaponTriplicate.cpp">
      <Filter>Source Files\Weapon</Filter>
    </ClCompile>
    <ClCompile Include="src\Healthbar.cpp">
      <Filter>Source Files</Filter>
    </ClCompile>
    <ClCompile Include="src\PlayerHUD.cpp">
      <Filter>Source Files</Filter>
    </ClCompile>
    <ClCompile Include="src\WeaponHolder.cpp">
      <Filter>Source Files</Filter>
    </ClCompile>
  </ItemGroup>
  <ItemGroup>
    <ClInclude Include="src\DeltaTime.h">
      <Filter>Header Files</Filter>
    </ClInclude>
    <ClInclude Include="src\IInputHandler.h">
      <Filter>Header Files</Filter>
    </ClInclude>
    <ClInclude Include="src\InputManager.h">
      <Filter>Header Files</Filter>
    </ClInclude>
    <ClInclude Include="src\Quit.h">
      <Filter>Header Files</Filter>
    </ClInclude>
    <ClInclude Include="src\Renderable.h">
      <Filter>Header Files</Filter>
    </ClInclude>
    <ClInclude Include="src\Scene.h">
      <Filter>Header Files</Filter>
    </ClInclude>
    <ClInclude Include="src\Timer.h">
      <Filter>Header Files</Filter>
    </ClInclude>
    <ClInclude Include="src\Vector2.h">
      <Filter>Header Files</Filter>
    </ClInclude>
    <ClInclude Include="SDL\include\begin_code.h">
      <Filter>Header Files</Filter>
    </ClInclude>
    <ClInclude Include="SDL\include\close_code.h">
      <Filter>Header Files</Filter>
    </ClInclude>
    <ClInclude Include="SDL\include\SDL.h">
      <Filter>Header Files</Filter>
    </ClInclude>
    <ClInclude Include="SDL\include\SDL_assert.h">
      <Filter>Header Files</Filter>
    </ClInclude>
    <ClInclude Include="SDL\include\SDL_atomic.h">
      <Filter>Header Files</Filter>
    </ClInclude>
    <ClInclude Include="SDL\include\SDL_audio.h">
      <Filter>Header Files</Filter>
    </ClInclude>
    <ClInclude Include="SDL\include\SDL_bits.h">
      <Filter>Header Files</Filter>
    </ClInclude>
    <ClInclude Include="SDL\include\SDL_blendmode.h">
      <Filter>Header Files</Filter>
    </ClInclude>
    <ClInclude Include="SDL\include\SDL_clipboard.h">
      <Filter>Header Files</Filter>
    </ClInclude>
    <ClInclude Include="SDL\include\SDL_config.h">
      <Filter>Header Files</Filter>
    </ClInclude>
    <ClInclude Include="SDL\include\SDL_config_android.h">
      <Filter>Header Files</Filter>
    </ClInclude>
    <ClInclude Include="SDL\include\SDL_config_iphoneos.h">
      <Filter>Header Files</Filter>
    </ClInclude>
    <ClInclude Include="SDL\include\SDL_config_macosx.h">
      <Filter>Header Files</Filter>
    </ClInclude>
    <ClInclude Include="SDL\include\SDL_config_minimal.h">
      <Filter>Header Files</Filter>
    </ClInclude>
    <ClInclude Include="SDL\include\SDL_config_pandora.h">
      <Filter>Header Files</Filter>
    </ClInclude>
    <ClInclude Include="SDL\include\SDL_config_psp.h">
      <Filter>Header Files</Filter>
    </ClInclude>
    <ClInclude Include="SDL\include\SDL_config_windows.h">
      <Filter>Header Files</Filter>
    </ClInclude>
    <ClInclude Include="SDL\include\SDL_config_winrt.h">
      <Filter>Header Files</Filter>
    </ClInclude>
    <ClInclude Include="SDL\include\SDL_config_wiz.h">
      <Filter>Header Files</Filter>
    </ClInclude>
    <ClInclude Include="SDL\include\SDL_copying.h">
      <Filter>Header Files</Filter>
    </ClInclude>
    <ClInclude Include="SDL\include\SDL_cpuinfo.h">
      <Filter>Header Files</Filter>
    </ClInclude>
    <ClInclude Include="SDL\include\SDL_egl.h">
      <Filter>Header Files</Filter>
    </ClInclude>
    <ClInclude Include="SDL\include\SDL_endian.h">
      <Filter>Header Files</Filter>
    </ClInclude>
    <ClInclude Include="SDL\include\SDL_error.h">
      <Filter>Header Files</Filter>
    </ClInclude>
    <ClInclude Include="SDL\include\SDL_events.h">
      <Filter>Header Files</Filter>
    </ClInclude>
    <ClInclude Include="SDL\include\SDL_filesystem.h">
      <Filter>Header Files</Filter>
    </ClInclude>
    <ClInclude Include="SDL\include\SDL_gamecontroller.h">
      <Filter>Header Files</Filter>
    </ClInclude>
    <ClInclude Include="SDL\include\SDL_gesture.h">
      <Filter>Header Files</Filter>
    </ClInclude>
    <ClInclude Include="SDL\include\SDL_haptic.h">
      <Filter>Header Files</Filter>
    </ClInclude>
    <ClInclude Include="SDL\include\SDL_hints.h">
      <Filter>Header Files</Filter>
    </ClInclude>
    <ClInclude Include="SDL\include\SDL_joystick.h">
      <Filter>Header Files</Filter>
    </ClInclude>
    <ClInclude Include="SDL\include\SDL_keyboard.h">
      <Filter>Header Files</Filter>
    </ClInclude>
    <ClInclude Include="SDL\include\SDL_keycode.h">
      <Filter>Header Files</Filter>
    </ClInclude>
    <ClInclude Include="SDL\include\SDL_loadso.h">
      <Filter>Header Files</Filter>
    </ClInclude>
    <ClInclude Include="SDL\include\SDL_log.h">
      <Filter>Header Files</Filter>
    </ClInclude>
    <ClInclude Include="SDL\include\SDL_main.h">
      <Filter>Header Files</Filter>
    </ClInclude>
    <ClInclude Include="SDL\include\SDL_messagebox.h">
      <Filter>Header Files</Filter>
    </ClInclude>
    <ClInclude Include="SDL\include\SDL_mouse.h">
      <Filter>Header Files</Filter>
    </ClInclude>
    <ClInclude Include="SDL\include\SDL_mutex.h">
      <Filter>Header Files</Filter>
    </ClInclude>
    <ClInclude Include="SDL\include\SDL_name.h">
      <Filter>Header Files</Filter>
    </ClInclude>
    <ClInclude Include="SDL\include\SDL_opengl.h">
      <Filter>Header Files</Filter>
    </ClInclude>
    <ClInclude Include="SDL\include\SDL_opengl_glext.h">
      <Filter>Header Files</Filter>
    </ClInclude>
    <ClInclude Include="SDL\include\SDL_opengles.h">
      <Filter>Header Files</Filter>
    </ClInclude>
    <ClInclude Include="SDL\include\SDL_opengles2.h">
      <Filter>Header Files</Filter>
    </ClInclude>
    <ClInclude Include="SDL\include\SDL_opengles2_gl2.h">
      <Filter>Header Files</Filter>
    </ClInclude>
    <ClInclude Include="SDL\include\SDL_opengles2_gl2ext.h">
      <Filter>Header Files</Filter>
    </ClInclude>
    <ClInclude Include="SDL\include\SDL_opengles2_gl2platform.h">
      <Filter>Header Files</Filter>
    </ClInclude>
    <ClInclude Include="SDL\include\SDL_opengles2_khrplatform.h">
      <Filter>Header Files</Filter>
    </ClInclude>
    <ClInclude Include="SDL\include\SDL_pixels.h">
      <Filter>Header Files</Filter>
    </ClInclude>
    <ClInclude Include="SDL\include\SDL_platform.h">
      <Filter>Header Files</Filter>
    </ClInclude>
    <ClInclude Include="SDL\include\SDL_power.h">
      <Filter>Header Files</Filter>
    </ClInclude>
    <ClInclude Include="SDL\include\SDL_quit.h">
      <Filter>Header Files</Filter>
    </ClInclude>
    <ClInclude Include="SDL\include\SDL_rect.h">
      <Filter>Header Files</Filter>
    </ClInclude>
    <ClInclude Include="SDL\include\SDL_render.h">
      <Filter>Header Files</Filter>
    </ClInclude>
    <ClInclude Include="SDL\include\SDL_revision.h">
      <Filter>Header Files</Filter>
    </ClInclude>
    <ClInclude Include="SDL\include\SDL_rwops.h">
      <Filter>Header Files</Filter>
    </ClInclude>
    <ClInclude Include="SDL\include\SDL_scancode.h">
      <Filter>Header Files</Filter>
    </ClInclude>
    <ClInclude Include="SDL\include\SDL_sensor.h">
      <Filter>Header Files</Filter>
    </ClInclude>
    <ClInclude Include="SDL\include\SDL_shape.h">
      <Filter>Header Files</Filter>
    </ClInclude>
    <ClInclude Include="SDL\include\SDL_stdinc.h">
      <Filter>Header Files</Filter>
    </ClInclude>
    <ClInclude Include="SDL\include\SDL_surface.h">
      <Filter>Header Files</Filter>
    </ClInclude>
    <ClInclude Include="SDL\include\SDL_system.h">
      <Filter>Header Files</Filter>
    </ClInclude>
    <ClInclude Include="SDL\include\SDL_syswm.h">
      <Filter>Header Files</Filter>
    </ClInclude>
    <ClInclude Include="SDL\include\SDL_test.h">
      <Filter>Header Files</Filter>
    </ClInclude>
    <ClInclude Include="SDL\include\SDL_test_assert.h">
      <Filter>Header Files</Filter>
    </ClInclude>
    <ClInclude Include="SDL\include\SDL_test_common.h">
      <Filter>Header Files</Filter>
    </ClInclude>
    <ClInclude Include="SDL\include\SDL_test_compare.h">
      <Filter>Header Files</Filter>
    </ClInclude>
    <ClInclude Include="SDL\include\SDL_test_crc32.h">
      <Filter>Header Files</Filter>
    </ClInclude>
    <ClInclude Include="SDL\include\SDL_test_font.h">
      <Filter>Header Files</Filter>
    </ClInclude>
    <ClInclude Include="SDL\include\SDL_test_fuzzer.h">
      <Filter>Header Files</Filter>
    </ClInclude>
    <ClInclude Include="SDL\include\SDL_test_harness.h">
      <Filter>Header Files</Filter>
    </ClInclude>
    <ClInclude Include="SDL\include\SDL_test_images.h">
      <Filter>Header Files</Filter>
    </ClInclude>
    <ClInclude Include="SDL\include\SDL_test_log.h">
      <Filter>Header Files</Filter>
    </ClInclude>
    <ClInclude Include="SDL\include\SDL_test_md5.h">
      <Filter>Header Files</Filter>
    </ClInclude>
    <ClInclude Include="SDL\include\SDL_test_memory.h">
      <Filter>Header Files</Filter>
    </ClInclude>
    <ClInclude Include="SDL\include\SDL_test_random.h">
      <Filter>Header Files</Filter>
    </ClInclude>
    <ClInclude Include="SDL\include\SDL_thread.h">
      <Filter>Header Files</Filter>
    </ClInclude>
    <ClInclude Include="SDL\include\SDL_timer.h">
      <Filter>Header Files</Filter>
    </ClInclude>
    <ClInclude Include="SDL\include\SDL_touch.h">
      <Filter>Header Files</Filter>
    </ClInclude>
    <ClInclude Include="SDL\include\SDL_types.h">
      <Filter>Header Files</Filter>
    </ClInclude>
    <ClInclude Include="SDL\include\SDL_version.h">
      <Filter>Header Files</Filter>
    </ClInclude>
    <ClInclude Include="SDL\include\SDL_video.h">
      <Filter>Header Files</Filter>
    </ClInclude>
    <ClInclude Include="SDL\include\SDL_vulkan.h">
      <Filter>Header Files</Filter>
    </ClInclude>
    <ClInclude Include="src\Tile.h">
      <Filter>Header Files</Filter>
    </ClInclude>
    <ClInclude Include="src\Thing.h">
      <Filter>Header Files</Filter>
    </ClInclude>
    <ClInclude Include="src\World.h">
      <Filter>Header Files</Filter>
    </ClInclude>
    <ClInclude Include="src\AStarSearch.h">
      <Filter>Header Files</Filter>
    </ClInclude>
    <ClInclude Include="src\Node.h">
      <Filter>Header Files</Filter>
    </ClInclude>
    <ClInclude Include="src\BSP.h">
      <Filter>Header Files</Filter>
    </ClInclude>
    <ClInclude Include="src\BSPNode.h">
      <Filter>Header Files</Filter>
    </ClInclude>
    <ClInclude Include="src\RectA.h">
      <Filter>Header Files</Filter>
    </ClInclude>
    <ClInclude Include="src\AStarNode.h">
      <Filter>Header Files</Filter>
    </ClInclude>
    <ClInclude Include="src\Player.h">
      <Filter>Header Files</Filter>
    </ClInclude>
    <ClInclude Include="src\Interactable.h">
      <Filter>Header Files</Filter>
    </ClInclude>
    <ClInclude Include="src\Exit.h">
      <Filter>Header Files</Filter>
    </ClInclude>
    <ClInclude Include="src\Key.h">
      <Filter>Header Files</Filter>
    </ClInclude>
    <ClInclude Include="src\DoorA.h">
      <Filter>Header Files</Filter>
    </ClInclude>
    <ClInclude Include="src\RoomData.h">
      <Filter>Header Files</Filter>
    </ClInclude>
    <ClInclude Include="src\Ammo.h">
      <Filter>Header Files</Filter>
    </ClInclude>
    <ClInclude Include="src\HealthPickUp.h">
      <Filter>Header Files</Filter>
    </ClInclude>
    <ClInclude Include="src\Treasure.h">
      <Filter>Header Files</Filter>
    </ClInclude>
    <ClInclude Include="src\RoomTreeNode.h">
      <Filter>Header Files</Filter>
    </ClInclude>
    <ClInclude Include="src\RoomTree.h">
      <Filter>Header Files</Filter>
    </ClInclude>
    <ClInclude Include="src\TextA.h">
      <Filter>Header Files</Filter>
    </ClInclude>
    <ClInclude Include="src\SDL_FontCache.h">
      <Filter>Header Files</Filter>
    </ClInclude>
    <ClInclude Include="src\Camera.h">
      <Filter>Header Files</Filter>
    </ClInclude>
    <ClInclude Include="src\Shadow.h">
      <Filter>Header Files</Filter>
    </ClInclude>
    <ClInclude Include="src\Holdable.h">
      <Filter>Header Files</Filter>
    </ClInclude>
    <ClInclude Include="src\Light.h">
      <Filter>Header Files</Filter>
    </ClInclude>
    <ClInclude Include="src\Weapon.h">
      <Filter>Header Files</Filter>
    </ClInclude>
    <ClInclude Include="src\Trap.h">
      <Filter>Header Files</Filter>
    </ClInclude>
    <ClInclude Include="src\TrapPlayer.h">
      <Filter>Header Files</Filter>
    </ClInclude>
    <ClInclude Include="src\Chest.h">
      <Filter>Header Files</Filter>
    </ClInclude>
    <ClInclude Include="src\Bomb.h">
      <Filter>Header Files</Filter>
    </ClInclude>
    <ClInclude Include="src\Damagable.h">
      <Filter>Header Files</Filter>
    </ClInclude>
    <ClInclude Include="src\BombDisarmer.h">
      <Filter>Header Files</Filter>
    </ClInclude>
    <ClInclude Include="src\TrapDisarmer.h">
      <Filter>Header Files</Filter>
    </ClInclude>
    <ClInclude Include="src\Projectile.h">
      <Filter>Header Files</Filter>
    </ClInclude>
    <ClInclude Include="src\MouseAim.h">
      <Filter>Header Files</Filter>
    </ClInclude>
    <ClInclude Include="src\WeaponBasic.h">
      <Filter>Header Files</Filter>
    </ClInclude>
    <ClInclude Include="src\WeaponHexShot.h">
      <Filter>Header Files</Filter>
    </ClInclude>
    <ClInclude Include="src\WeaponShotgun.h">
      <Filter>Header Files</Filter>
    </ClInclude>
    <ClInclude Include="src\WeaponTriplicate.h">
      <Filter>Header Files</Filter>
    </ClInclude>
    <ClInclude Include="src\StatusEffectable.h">
      <Filter>Header Files</Filter>
    </ClInclude>
    <ClInclude Include="src\EnemyCombat.h">
      <Filter>Header Files</Filter>
    </ClInclude>
    <ClInclude Include="src\Enemy.h">
      <Filter>Header Files</Filter>
    </ClInclude>
    <ClInclude Include="src\WeaponStructs.h">
      <Filter>Header Files</Filter>
    </ClInclude>
    <ClInclude Include="src\EnemyDataStructs.h">
      <Filter>Header Files</Filter>
    </ClInclude>
    <ClInclude Include="src\Enums.h">
      <Filter>Header Files</Filter>
    </ClInclude>
    <ClInclude Include="src\StatusEffect.h">
      <Filter>Header Files</Filter>
    </ClInclude>
    <ClInclude Include="src\Blockade.h">
      <Filter>Header Files</Filter>
    </ClInclude>
    <ClInclude Include="src\Healthbar.h">
      <Filter>Header Files</Filter>
    </ClInclude>
    <ClInclude Include="src\PlayerHUD.h">
      <Filter>Header Files</Filter>
    </ClInclude>
    <ClInclude Include="src\WeaponHolder.h">
      <Filter>Header Files</Filter>
    </ClInclude>
  </ItemGroup>
  <ItemGroup>
    <None Include="SDL\lib\x64\SDL2.dll" />
    <None Include="SDL\lib\x86\SDL2.dll" />
  </ItemGroup>
  <ItemGroup>
    <Library Include="SDL\lib\x64\SDL2.lib" />
    <Library Include="SDL\lib\x64\SDL2main.lib" />
    <Library Include="SDL\lib\x64\SDL2test.lib" />
    <Library Include="SDL\lib\x86\SDL2.lib" />
    <Library Include="SDL\lib\x86\SDL2main.lib" />
    <Library Include="SDL\lib\x86\SDL2test.lib" />
  </ItemGroup>
</Project>